
Microsoft Visual Studio Solution File, Format Version 12.00
# Visual Studio Version 17
VisualStudioVersion = 17.0.31717.71
MinimumVisualStudioVersion = 10.0.40219.1
Project("{FAE04EC0-301F-11D3-BF4B-00C04F79EFBC}") = "Procare.AddressValidation.Tester", "Procare.AddressValidation.Tester.csproj", "{9B3C00A8-E2BC-45C0-8178-F647995F96BC}"
EndProject
Global
	GlobalSection(SolutionConfigurationPlatforms) = preSolution
		Debug|Any CPU = Debug|Any CPU
		Release|Any CPU = Release|Any CPU
	EndGlobalSection
	GlobalSection(ProjectConfigurationPlatforms) = postSolution
		{9B3C00A8-E2BC-45C0-8178-F647995F96BC}.Debug|Any CPU.ActiveCfg = Debug|Any CPU
		{9B3C00A8-E2BC-45C0-8178-F647995F96BC}.Debug|Any CPU.Build.0 = Debug|Any CPU
		{9B3C00A8-E2BC-45C0-8178-F647995F96BC}.Release|Any CPU.ActiveCfg = Release|Any CPU
		{9B3C00A8-E2BC-45C0-8178-F647995F96BC}.Release|Any CPU.Build.0 = Release|Any CPU
	EndGlobalSection
	GlobalSection(SolutionProperties) = preSolution
		HideSolutionNode = FALSE
	EndGlobalSection
	GlobalSection(ExtensibilityGlobals) = postSolution
		SolutionGuid = {BEA6AAF2-99AC-4737-B022-84F2ED6D2C65}
	EndGlobalSection
EndGlobal
